# THIS IS AN AUTOGENERATED FILE. DO NOT EDIT THIS FILE DIRECTLY.
# yarn lockfile v1


"@bugsnag/browser@^6.4.0":
  version "6.4.0"
  resolved "https://registry.yarnpkg.com/@bugsnag/browser/-/browser-6.4.0.tgz#96211bd3fcff48c91f91fdc270c02d2665585189"
  integrity sha512-f6KUTIQ4hvJ35MxU35ORsyWwbLPxQ/vFOJdmYwvqrpH1FJSMJjTEmjW4pZbXY0iFkyJ0utYdMVek4ezY7xLtJg==

"@bugsnag/js@^6.4.0":
  version "6.4.0"
  resolved "https://registry.yarnpkg.com/@bugsnag/js/-/js-6.4.0.tgz#1690cc0de987198819c4cea4446f2a8119a034dc"
  integrity sha512-4wcNz3fY4Cos3JPWxHz0IADRqFVIIPclX5peihQmSRJgPqpKuZlnwNVzIpp3VPw00cHjEAXKKID7CCv9NuQObA==
  dependencies:
    "@bugsnag/browser" "^6.4.0"
    "@bugsnag/node" "^6.4.0"

"@bugsnag/node@^6.4.0":
  version "6.4.0"
  resolved "https://registry.yarnpkg.com/@bugsnag/node/-/node-6.4.0.tgz#946af87eb2dd284901ac3c05faf979d8664198a2"
  integrity sha512-vr/1u59oQ0batGfPGzlk9Mhg2n7TV/pwEpbaYBA8nsdMF3wiEsJkvpkq1tvixOSClzdVfI1h85v1IrHOFOgXaQ==
  dependencies:
    byline "^5.0.0"
    error-stack-parser "^2.0.2"
    iserror "^0.0.2"
    pump "^3.0.0"
    stack-generator "^2.0.3"

"@google-cloud/paginator@^3.0.0":
  version "3.0.4"
  resolved "https://registry.yarnpkg.com/@google-cloud/paginator/-/paginator-3.0.4.tgz#4106cadd8153d157c8afd16d66dfb89a38ba8748"
  integrity sha512-fKI+jYQdV1F9jtG6tSRro3ilNSeBWVmTzxc8Z0kiPRXcj8eshh9fiF8TtxfDefyUKgTdWgHpzGBwLbZ/OGikJg==
  dependencies:
    arrify "^2.0.0"
    extend "^3.0.2"

"@google-cloud/precise-date@^2.0.0":
  version "2.0.3"
  resolved "https://registry.yarnpkg.com/@google-cloud/precise-date/-/precise-date-2.0.3.tgz#14f6f28ce35dabf3882e7aeab1c9d51bd473faed"
  integrity sha512-+SDJ3ZvGkF7hzo6BGa8ZqeK3F6Z4+S+KviC9oOK+XCs3tfMyJCh/4j93XIWINgMMDIh9BgEvlw4306VxlXIlYA==

"@google-cloud/projectify@^2.0.0":
  version "2.0.1"
  resolved "https://registry.yarnpkg.com/@google-cloud/projectify/-/projectify-2.0.1.tgz#13350ee609346435c795bbfe133a08dfeab78d65"
  integrity sha512-ZDG38U/Yy6Zr21LaR3BTiiLtpJl6RkPS/JwoRT453G+6Q1DhlV0waNf8Lfu+YVYGIIxgKnLayJRfYlFJfiI8iQ==

"@google-cloud/promisify@^2.0.0":
  version "2.0.2"
  resolved "https://registry.yarnpkg.com/@google-cloud/promisify/-/promisify-2.0.2.tgz#81d654b4cb227c65c7ad2f9a7715262febd409ed"
  integrity sha512-EvuabjzzZ9E2+OaYf+7P9OAiiwbTxKYL0oGLnREQd+Su2NTQBpomkdlkBowFvyWsaV0d1sSGxrKpSNcrhPqbxg==

"@google-cloud/pubsub@^2.5.0":
  version "2.5.0"
  resolved "https://registry.yarnpkg.com/@google-cloud/pubsub/-/pubsub-2.5.0.tgz#6c696d9b448f2e1689be9a37ef0362ed173731fd"
  integrity sha512-7bbbQqa+LSTopVjt20EZ8maO6rEpbO7v8EvDImHMsbRS30HJ5+kClbaQTRvhNzhc1qy221A1GbHPHMCQ/U5E3Q==
  dependencies:
    "@google-cloud/paginator" "^3.0.0"
    "@google-cloud/precise-date" "^2.0.0"
    "@google-cloud/projectify" "^2.0.0"
    "@google-cloud/promisify" "^2.0.0"
    "@opentelemetry/api" "^0.10.0"
    "@opentelemetry/tracing" "^0.10.0"
    "@types/duplexify" "^3.6.0"
    "@types/long" "^4.0.0"
    arrify "^2.0.0"
    extend "^3.0.2"
    google-auth-library "^6.0.0"
    google-gax "^2.7.0"
    is-stream-ended "^0.1.4"
    lodash.snakecase "^4.1.1"
    p-defer "^3.0.0"

"@grpc/grpc-js@~1.1.1":
  version "1.1.5"
  resolved "https://registry.yarnpkg.com/@grpc/grpc-js/-/grpc-js-1.1.5.tgz#2d0b261cd54a529f6b78ac0de9d6fd91a9a3129c"
  integrity sha512-2huf5z85TdZI4nLmJQ9Zdfd+6vmIyBDs7B4L71bTaHKA9pRsGKAH24XaktMk/xneKJIqAgeIZtg1cyivVZtvrg==
  dependencies:
    "@grpc/proto-loader" "^0.6.0-pre14"
    "@types/node" "^12.12.47"
    google-auth-library "^6.0.0"
    semver "^6.2.0"

"@grpc/proto-loader@^0.5.1":
  version "0.5.1"
  resolved "https://registry.yarnpkg.com/@grpc/proto-loader/-/proto-loader-0.5.1.tgz#48492b53cdda353110b51a4b02f465974729c76f"
  integrity sha512-3y0FhacYAwWvyXshH18eDkUI40wT/uGio7MAegzY8lO5+wVsc19+1A7T0pPptae4kl7bdITL+0cHpnAPmryBjQ==
  dependencies:
    lodash.camelcase "^4.3.0"
    protobufjs "^6.8.6"

"@grpc/proto-loader@^0.6.0-pre14":
  version "0.6.0-pre9"
  resolved "https://registry.yarnpkg.com/@grpc/proto-loader/-/proto-loader-0.6.0-pre9.tgz#0c6fe42f6c5ef9ce1b3cef7be64d5b09d6fe4d6d"
  integrity sha512-oM+LjpEjNzW5pNJjt4/hq1HYayNeQT+eGrOPABJnYHv7TyNPDNzkQ76rDYZF86X5swJOa4EujEMzQ9iiTdPgww==
  dependencies:
    "@types/long" "^4.0.1"
    lodash.camelcase "^4.3.0"
    long "^4.0.0"
    protobufjs "^6.9.0"
    yargs "^15.3.1"

"@opentelemetry/api@^0.10.0", "@opentelemetry/api@^0.10.2":
  version "0.10.2"
  resolved "https://registry.yarnpkg.com/@opentelemetry/api/-/api-0.10.2.tgz#9647b881f3e1654089ff7ea59d587b2d35060654"
  integrity sha512-GtpMGd6vkzDMYcpu2t9LlhEgMy/SzBwRnz48EejlRArYqZzqSzAsKmegUK7zHgl+EOIaK9mKHhnRaQu3qw20cA==
  dependencies:
    "@opentelemetry/context-base" "^0.10.2"

"@opentelemetry/context-base@^0.10.2":
  version "0.10.2"
  resolved "https://registry.yarnpkg.com/@opentelemetry/context-base/-/context-base-0.10.2.tgz#55bea904b2b91aa8a8675df9eaba5961bddb1def"
  integrity sha512-hZNKjKOYsckoOEgBziGMnBcX0M7EtstnCmwz5jZUOUYwlZ+/xxX6z3jPu1XVO2Jivk0eLfuP9GP+vFD49CMetw==

"@opentelemetry/core@^0.10.2":
  version "0.10.2"
  resolved "https://registry.yarnpkg.com/@opentelemetry/core/-/core-0.10.2.tgz#86b9e94bbcaf8e07bb86e8205aa1d53af854e7de"
  integrity sha512-DhkiTp5eje2zTGd+HAIKWpGE6IR6lq7tUpYt4nnkhOi6Hq9WQAANVDCWEZEbYOw57LkdXbE50FZ/kMvHDm450Q==
  dependencies:
    "@opentelemetry/api" "^0.10.2"
    "@opentelemetry/context-base" "^0.10.2"
    semver "^7.1.3"

"@opentelemetry/resources@^0.10.2":
  version "0.10.2"
  resolved "https://registry.yarnpkg.com/@opentelemetry/resources/-/resources-0.10.2.tgz#6e291d525450359c615aac013fd977047f2c26d7"
  integrity sha512-5JGC2TPSAIHth615IURt+sSsTljY43zTfJD0JE9PHC6ipZPiQ0dpQDZOrLn8NAMfOHY1jeWwpIuLASjqbXUfuw==
  dependencies:
    "@opentelemetry/api" "^0.10.2"
    "@opentelemetry/core" "^0.10.2"
    gcp-metadata "^3.5.0"

"@opentelemetry/tracing@^0.10.0":
  version "0.10.2"
  resolved "https://registry.yarnpkg.com/@opentelemetry/tracing/-/tracing-0.10.2.tgz#384779a6e1be988200cc316a97030d95bd8f2129"
  integrity sha512-mNAhARn4dEdOjTa9OdysjI4fRHMbvr4YSbPuH7jhkyPzgoa+DnvnbY3GGpEay6kpuYJsrW8Ef9OIKAV/GndhbQ==
  dependencies:
    "@opentelemetry/api" "^0.10.2"
    "@opentelemetry/context-base" "^0.10.2"
    "@opentelemetry/core" "^0.10.2"
    "@opentelemetry/resources" "^0.10.2"

"@protobufjs/aspromise@^1.1.1", "@protobufjs/aspromise@^1.1.2":
  version "1.1.2"
  resolved "https://registry.yarnpkg.com/@protobufjs/aspromise/-/aspromise-1.1.2.tgz#9b8b0cc663d669a7d8f6f5d0893a14d348f30fbf"

"@protobufjs/base64@^1.1.2":
  version "1.1.2"
  resolved "https://registry.yarnpkg.com/@protobufjs/base64/-/base64-1.1.2.tgz#4c85730e59b9a1f1f349047dbf24296034bb2735"

"@protobufjs/codegen@^2.0.4":
  version "2.0.4"
  resolved "https://registry.yarnpkg.com/@protobufjs/codegen/-/codegen-2.0.4.tgz#7ef37f0d010fb028ad1ad59722e506d9262815cb"

"@protobufjs/eventemitter@^1.1.0":
  version "1.1.0"
  resolved "https://registry.yarnpkg.com/@protobufjs/eventemitter/-/eventemitter-1.1.0.tgz#355cbc98bafad5978f9ed095f397621f1d066b70"

"@protobufjs/fetch@^1.1.0":
  version "1.1.0"
  resolved "https://registry.yarnpkg.com/@protobufjs/fetch/-/fetch-1.1.0.tgz#ba99fb598614af65700c1619ff06d454b0d84c45"
  dependencies:
    "@protobufjs/aspromise" "^1.1.1"
    "@protobufjs/inquire" "^1.1.0"

"@protobufjs/float@^1.0.2":
  version "1.0.2"
  resolved "https://registry.yarnpkg.com/@protobufjs/float/-/float-1.0.2.tgz#5e9e1abdcb73fc0a7cb8b291df78c8cbd97b87d1"

"@protobufjs/inquire@^1.1.0":
  version "1.1.0"
  resolved "https://registry.yarnpkg.com/@protobufjs/inquire/-/inquire-1.1.0.tgz#ff200e3e7cf2429e2dcafc1140828e8cc638f089"

"@protobufjs/path@^1.1.2":
  version "1.1.2"
  resolved "https://registry.yarnpkg.com/@protobufjs/path/-/path-1.1.2.tgz#6cc2b20c5c9ad6ad0dccfd21ca7673d8d7fbf68d"

"@protobufjs/pool@^1.1.0":
  version "1.1.0"
  resolved "https://registry.yarnpkg.com/@protobufjs/pool/-/pool-1.1.0.tgz#09fd15f2d6d3abfa9b65bc366506d6ad7846ff54"

"@protobufjs/utf8@^1.1.0":
  version "1.1.0"
  resolved "https://registry.yarnpkg.com/@protobufjs/utf8/-/utf8-1.1.0.tgz#a777360b5b39a1a2e5106f8e858f2fd2d060c570"

"@types/color-name@^1.1.1":
  version "1.1.1"
  resolved "https://registry.yarnpkg.com/@types/color-name/-/color-name-1.1.1.tgz#1c1261bbeaa10a8055bbc5d8ab84b7b2afc846a0"
  integrity sha512-rr+OQyAjxze7GgWrSaJwydHStIhHq2lvY3BOC2Mj7KnzI7XK0Uw1TOOdI9lDoajEbSWLiYgoo4f1R51erQfhPQ==

"@types/duplexify@^3.6.0":
  version "3.6.0"
  resolved "https://registry.yarnpkg.com/@types/duplexify/-/duplexify-3.6.0.tgz#dfc82b64bd3a2168f5bd26444af165bf0237dcd8"
  integrity sha512-5zOA53RUlzN74bvrSGwjudssD9F3a797sDZQkiYpUOxW+WHaXTCPz4/d5Dgi6FKnOqZ2CpaTo0DhgIfsXAOE/A==
  dependencies:
    "@types/node" "*"

"@types/long@^4.0.0":
  version "4.0.0"
  resolved "https://registry.yarnpkg.com/@types/long/-/long-4.0.0.tgz#719551d2352d301ac8b81db732acb6bdc28dbdef"

"@types/long@^4.0.1":
  version "4.0.1"
  resolved "https://registry.yarnpkg.com/@types/long/-/long-4.0.1.tgz#459c65fa1867dafe6a8f322c4c51695663cc55e9"
  integrity sha512-5tXH6Bx/kNGd3MgffdmP4dy2Z+G4eaXw0SE81Tq3BNadtnMR5/ySMzX4SLEzHJzSmPNn4HIdpQsBvXMUykr58w==

"@types/node@*":
  version "11.13.2"
  resolved "https://registry.yarnpkg.com/@types/node/-/node-11.13.2.tgz#dc85dde46aa8740bb4aed54b8104250f8f849503"
  integrity sha512-HOtU5KqROKT7qX/itKHuTtt5fV0iXbheQvrgbLNXFJQBY/eh+VS5vmmTAVlo3qIGMsypm0G4N1t2AXjy1ZicaQ==

"@types/node@^10.1.0":
  version "10.5.7"
  resolved "https://registry.yarnpkg.com/@types/node/-/node-10.5.7.tgz#960d9feb3ade2233bcc9843c918d740b4f78a7cf"

"@types/node@^12.12.47":
  version "12.12.54"
  resolved "https://registry.yarnpkg.com/@types/node/-/node-12.12.54.tgz#a4b58d8df3a4677b6c08bfbc94b7ad7a7a5f82d1"
  integrity sha512-ge4xZ3vSBornVYlDnk7yZ0gK6ChHf/CHB7Gl1I0Jhah8DDnEQqBzgohYG4FX4p81TNirSETOiSyn+y1r9/IR6w==

"@types/node@^13.7.0":
  version "13.13.5"
  resolved "https://registry.yarnpkg.com/@types/node/-/node-13.13.5.tgz#96ec3b0afafd64a4ccea9107b75bf8489f0e5765"
  integrity sha512-3ySmiBYJPqgjiHA7oEaIo2Rzz0HrOZ7yrNO5HWyaE5q0lQ3BppDZ3N53Miz8bw2I7gh1/zir2MGVZBvpb1zq9g==

abort-controller@^3.0.0:
  version "3.0.0"
  resolved "https://registry.yarnpkg.com/abort-controller/-/abort-controller-3.0.0.tgz#eaf54d53b62bae4138e809ca225c8439a6efb392"
  integrity sha512-h8lQ8tacZYnR3vNQTgibj+tODHI5/+l06Au2Pcriv/Gmet0eaj4TwWH41sO9wnHDiQsEj19q0drzdWdeAHtweg==
  dependencies:
    event-target-shim "^5.0.0"

agent-base@6:
  version "6.0.0"
  resolved "https://registry.yarnpkg.com/agent-base/-/agent-base-6.0.0.tgz#5d0101f19bbfaed39980b22ae866de153b93f09a"
  integrity sha512-j1Q7cSCqN+AwrmDd+pzgqc0/NpC655x2bUf5ZjRIO77DcNBFmh+OgRNzF6OKdCC9RSCb19fGd99+bhXFdkRNqw==
  dependencies:
    debug "4"

ansi-regex@^5.0.0:
  version "5.0.0"
  resolved "https://registry.yarnpkg.com/ansi-regex/-/ansi-regex-5.0.0.tgz#388539f55179bf39339c81af30a654d69f87cb75"
  integrity sha512-bY6fj56OUQ0hU1KjFNDQuJFezqKdrAyFdIevADiqrWHwSlbmBNMHp5ak2f40Pm8JTFyM2mqxkG6ngkHO11f/lg==

ansi-styles@^4.0.0:
  version "4.2.1"
  resolved "https://registry.yarnpkg.com/ansi-styles/-/ansi-styles-4.2.1.tgz#90ae75c424d008d2624c5bf29ead3177ebfcf359"
  integrity sha512-9VGjrMsG1vePxcSweQsN20KY/c4zN0h9fLjqAbwbPfahM3t+NL+M9HC8xeXG2I8pX5NoamTGNuomEUFI7fcUjA==
  dependencies:
    "@types/color-name" "^1.1.1"
    color-convert "^2.0.1"

arrify@^2.0.0:
  version "2.0.1"
  resolved "https://registry.yarnpkg.com/arrify/-/arrify-2.0.1.tgz#c9655e9331e0abcd588d2a7cad7e9956f66701fa"
  integrity sha512-3duEwti880xqi4eAMN8AyR4a0ByT90zoYdLlevfrvU43vb0YZwZVfxOgxWrLXXXpyugL0hNZc9G6BiB5B3nUug==

base64-js@^1.3.0:
  version "1.3.0"
  resolved "https://registry.yarnpkg.com/base64-js/-/base64-js-1.3.0.tgz#cab1e6118f051095e58b5281aea8c1cd22bfc0e3"
  integrity sha512-ccav/yGvoa80BQDljCxsmmQ3Xvx60/UpBIij5QN21W3wBi/hhIC9OoO+KLpu9IJTS9j4DRVJ3aDDF9cMSoa2lw==

bignumber.js@^7.0.0:
  version "7.2.1"
  resolved "https://registry.yarnpkg.com/bignumber.js/-/bignumber.js-7.2.1.tgz#80c048759d826800807c4bfd521e50edbba57a5f"
  integrity sha512-S4XzBk5sMB+Rcb/LNcpzXr57VRTxgAvaAEDAl1AwRx27j00hT84O6OkteE7u8UB3NuaaygCRrEpqox4uDOrbdQ==

bignumber.js@^9.0.0:
  version "9.0.0"
  resolved "https://registry.yarnpkg.com/bignumber.js/-/bignumber.js-9.0.0.tgz#805880f84a329b5eac6e7cb6f8274b6d82bdf075"
  integrity sha512-t/OYhhJ2SD+YGBQcjY8GzzDHEk9f3nerxjtfa6tlMXfe7frs/WozhvCNoGvpM0P3bNf3Gq5ZRMlGr5f3r4/N8A==

bson@^1.1.1:
  version "1.1.1"
  resolved "https://registry.yarnpkg.com/bson/-/bson-1.1.1.tgz#4330f5e99104c4e751e7351859e2d408279f2f13"
  integrity sha512-jCGVYLoYMHDkOsbwJZBCqwMHyH4c+wzgI9hG7Z6SZJRXWr+x58pdIbm2i9a/jFGCkRJqRUr8eoI7lDWa0hTkxg==

buffer-equal-constant-time@1.0.1:
  version "1.0.1"
  resolved "https://registry.yarnpkg.com/buffer-equal-constant-time/-/buffer-equal-constant-time-1.0.1.tgz#f8e71132f7ffe6e01a5c9697a4c6f3e48d5cc819"

byline@^5.0.0:
  version "5.0.0"
  resolved "https://registry.yarnpkg.com/byline/-/byline-5.0.0.tgz#741c5216468eadc457b03410118ad77de8c1ddb1"
  integrity sha1-dBxSFkaOrcRXsDQQEYrXfejB3bE=

camelcase@^5.0.0:
  version "5.3.1"
  resolved "https://registry.yarnpkg.com/camelcase/-/camelcase-5.3.1.tgz#e3c9b31569e106811df242f715725a1f4c494320"
  integrity sha512-L28STB170nwWS63UjtlEOE3dldQApaJXZkOI1uMFfzf3rRuPegHaHesyee+YxQ+W6SvRDQV6UrdOdRiR153wJg==

cliui@^6.0.0:
  version "6.0.0"
  resolved "https://registry.yarnpkg.com/cliui/-/cliui-6.0.0.tgz#511d702c0c4e41ca156d7d0e96021f23e13225b1"
  integrity sha512-t6wbgtoCXvAzst7QgXxJYqPt0usEfbgQdftEPbLL/cvv6HPE5VgvqCuAIDR0NgU52ds6rFwqrgakNLrHEjCbrQ==
  dependencies:
    string-width "^4.2.0"
    strip-ansi "^6.0.0"
    wrap-ansi "^6.2.0"

color-convert@^2.0.1:
  version "2.0.1"
  resolved "https://registry.yarnpkg.com/color-convert/-/color-convert-2.0.1.tgz#72d3a68d598c9bdb3af2ad1e84f21d896abd4de3"
  integrity sha512-RRECPsj7iu/xb5oKYcsFHSppFNnsj/52OVTRKb4zP5onXwVF3zVmmToNcOfGC+CRDpfK/U584fMg38ZHCaElKQ==
  dependencies:
    color-name "~1.1.4"

color-name@~1.1.4:
  version "1.1.4"
  resolved "https://registry.yarnpkg.com/color-name/-/color-name-1.1.4.tgz#c2a09a87acbde69543de6f63fa3995c826c536a2"
  integrity sha512-dOy+3AuW3a2wNbZHIuMZpTcgjGuLU/uBL/ubcZF9OXbDo8ff4O8yVp5Bf0efS8uEoYo5q4Fx7dY9OgQGXgAsQA==

core-util-is@~1.0.0:
  version "1.0.2"
  resolved "https://registry.yarnpkg.com/core-util-is/-/core-util-is-1.0.2.tgz#b5fd54220aa2bc5ab57aab7140c940754503c1a7"

debug@4:
  version "4.1.1"
  resolved "https://registry.yarnpkg.com/debug/-/debug-4.1.1.tgz#3b72260255109c6b589cee050f1d516139664791"
  integrity sha512-pYAIzeRo8J6KPEaJ0VWOh5Pzkbw/RetuzehGM7QRRX5he4fPHx2rdKMB256ehJCkX+XRQm16eZLqLNS8RSZXZw==
  dependencies:
    ms "^2.1.1"

decamelize@^1.2.0:
  version "1.2.0"
  resolved "https://registry.yarnpkg.com/decamelize/-/decamelize-1.2.0.tgz#f6534d15148269b20352e7bee26f501f9a191290"
  integrity sha1-9lNNFRSCabIDUue+4m9QH5oZEpA=

duplexify@^3.6.0:
  version "3.6.1"
  resolved "https://registry.yarnpkg.com/duplexify/-/duplexify-3.6.1.tgz#b1a7a29c4abfd639585efaecce80d666b1e34125"
  dependencies:
    end-of-stream "^1.0.0"
    inherits "^2.0.1"
    readable-stream "^2.0.0"
    stream-shift "^1.0.0"

ecdsa-sig-formatter@1.0.11, ecdsa-sig-formatter@^1.0.11:
  version "1.0.11"
  resolved "https://registry.yarnpkg.com/ecdsa-sig-formatter/-/ecdsa-sig-formatter-1.0.11.tgz#ae0f0fa2d85045ef14a817daa3ce9acd0489e5bf"
  integrity sha512-nagl3RYrbNv6kQkeJIpt6NJZy8twLB/2vtz6yN9Z4vRKHN4/QZJIEbqohALSgwKdnksuY3k5Addp5lg8sVoVcQ==
  dependencies:
    safe-buffer "^5.0.1"

emoji-regex@^8.0.0:
  version "8.0.0"
  resolved "https://registry.yarnpkg.com/emoji-regex/-/emoji-regex-8.0.0.tgz#e818fd69ce5ccfcb404594f842963bf53164cc37"
  integrity sha512-MSjYzcWNOA0ewAHpz0MxpYFvwg6yjy1NG3xteoqz644VCo/RPgnr1/GGt+ic3iJTzQ8Eu3TdM14SawnVUmGE6A==

end-of-stream@^1.0.0, end-of-stream@^1.1.0:
  version "1.4.1"
  resolved "https://registry.yarnpkg.com/end-of-stream/-/end-of-stream-1.4.1.tgz#ed29634d19baba463b6ce6b80a37213eab71ec43"
  dependencies:
    once "^1.4.0"

error-stack-parser@^2.0.2:
  version "2.0.2"
  resolved "https://registry.yarnpkg.com/error-stack-parser/-/error-stack-parser-2.0.2.tgz#4ae8dbaa2bf90a8b450707b9149dcabca135520d"
  integrity sha512-E1fPutRDdIj/hohG0UpT5mayXNCxXP9d+snxFsPU9X0XgccOumKraa3juDMwTUyi7+Bu5+mCGagjg4IYeNbOdw==
  dependencies:
    stackframe "^1.0.4"

event-target-shim@^5.0.0:
  version "5.0.1"
  resolved "https://registry.yarnpkg.com/event-target-shim/-/event-target-shim-5.0.1.tgz#5d4d3ebdf9583d63a5333ce2deb7480ab2b05789"
  integrity sha512-i/2XbnSz/uxRCU6+NdVJgKWDTM427+MqYbkQzD321DuCQJUqOuJKIA0IM2+W2xtYHdKOmZ4dR6fExsd4SXL+WQ==

extend@^3.0.2:
  version "3.0.2"
  resolved "https://registry.yarnpkg.com/extend/-/extend-3.0.2.tgz#f8b1136b4071fbd8eb140aff858b1019ec2915fa"

fast-text-encoding@^1.0.0:
  version "1.0.0"
  resolved "https://registry.yarnpkg.com/fast-text-encoding/-/fast-text-encoding-1.0.0.tgz#3e5ce8293409cfaa7177a71b9ca84e1b1e6f25ef"
  integrity sha512-R9bHCvweUxxwkDwhjav5vxpFvdPGlVngtqmx4pIZfSUhM/Q4NiIUHB456BAf+Q1Nwu3HEZYONtu+Rya+af4jiQ==

find-up@^4.1.0:
  version "4.1.0"
  resolved "https://registry.yarnpkg.com/find-up/-/find-up-4.1.0.tgz#97afe7d6cdc0bc5928584b7c8d7b16e8a9aa5d19"
  integrity sha512-PpOwAdQ/YlXQ2vj8a3h8IipDuYRi3wceVQQGYWxNINccq40Anw7BlsEXCMbt1Zt+OLA6Fq9suIpIWD0OsnISlw==
  dependencies:
    locate-path "^5.0.0"
    path-exists "^4.0.0"

gaxios@^2.1.0:
  version "2.3.4"
  resolved "https://registry.yarnpkg.com/gaxios/-/gaxios-2.3.4.tgz#eea99353f341c270c5f3c29fc46b8ead56f0a173"
  integrity sha512-US8UMj8C5pRnao3Zykc4AAVr+cffoNKRTg9Rsf2GiuZCW69vgJj38VK2PzlPuQU73FZ/nTk9/Av6/JGcE1N9vA==
  dependencies:
    abort-controller "^3.0.0"
    extend "^3.0.2"
    https-proxy-agent "^5.0.0"
    is-stream "^2.0.0"
    node-fetch "^2.3.0"

gaxios@^3.0.0:
  version "3.1.0"
  resolved "https://registry.yarnpkg.com/gaxios/-/gaxios-3.1.0.tgz#95f65f5a335f61aff602fe124cfdba8524f765fa"
  integrity sha512-DDTn3KXVJJigtz+g0J3vhcfbDbKtAroSTxauWsdnP57sM5KZ3d2c/3D9RKFJ86s43hfw6WULg6TXYw/AYiBlpA==
  dependencies:
    abort-controller "^3.0.0"
    extend "^3.0.2"
    https-proxy-agent "^5.0.0"
    is-stream "^2.0.0"
    node-fetch "^2.3.0"

gcp-metadata@^3.5.0:
  version "3.5.0"
  resolved "https://registry.yarnpkg.com/gcp-metadata/-/gcp-metadata-3.5.0.tgz#6d28343f65a6bbf8449886a0c0e4a71c77577055"
  integrity sha512-ZQf+DLZ5aKcRpLzYUyBS3yo3N0JSa82lNDO8rj3nMSlovLcz2riKFBsYgDzeXcv75oo5eqB2lx+B14UvPoCRnA==
  dependencies:
    gaxios "^2.1.0"
    json-bigint "^0.3.0"

gcp-metadata@^4.1.0:
  version "4.1.4"
  resolved "https://registry.yarnpkg.com/gcp-metadata/-/gcp-metadata-4.1.4.tgz#3adadb9158c716c325849ee893741721a3c09e7e"
  integrity sha512-5J/GIH0yWt/56R3dNaNWPGQ/zXsZOddYECfJaqxFWgrZ9HC2Kvc5vl9upOgUUHKzURjAVf2N+f6tEJiojqXUuA==
  dependencies:
    gaxios "^3.0.0"
    json-bigint "^1.0.0"

get-caller-file@^2.0.1:
  version "2.0.5"
  resolved "https://registry.yarnpkg.com/get-caller-file/-/get-caller-file-2.0.5.tgz#4f94412a82db32f36e3b0b9741f8a97feb031f7e"
  integrity sha512-DyFP3BM/3YHTQOCUL/w0OZHR0lpKeGrxotcHWcqNEdnltqFwXVfhEBQ94eIo34AfQpo0rGki4cyIiftY06h2Fg==

google-auth-library@^6.0.0:
  version "6.0.6"
  resolved "https://registry.yarnpkg.com/google-auth-library/-/google-auth-library-6.0.6.tgz#5102e5c643baab45b4c16e9752cd56b8861f3a82"
  integrity sha512-fWYdRdg55HSJoRq9k568jJA1lrhg9i2xgfhVIMJbskUmbDpJGHsbv9l41DGhCDXM21F9Kn4kUwdysgxSYBYJUw==
  dependencies:
    arrify "^2.0.0"
    base64-js "^1.3.0"
    ecdsa-sig-formatter "^1.0.11"
    fast-text-encoding "^1.0.0"
    gaxios "^3.0.0"
    gcp-metadata "^4.1.0"
    gtoken "^5.0.0"
    jws "^4.0.0"
    lru-cache "^6.0.0"

google-gax@^2.7.0:
  version "2.7.0"
  resolved "https://registry.yarnpkg.com/google-gax/-/google-gax-2.7.0.tgz#5aaff7bdbe32730f975f416dd4897c558c89ab84"
  integrity sha512-0dBATy8mMVlfOBrT85Q+NzBpZ4OJZUMrPI9wJULpiIDq2w1zlN30Duor+fQUcMEjanYEc72G58M4iUVve0jfXw==
  dependencies:
    "@grpc/grpc-js" "~1.1.1"
    "@grpc/proto-loader" "^0.5.1"
    "@types/long" "^4.0.0"
    abort-controller "^3.0.0"
    duplexify "^3.6.0"
    google-auth-library "^6.0.0"
    is-stream-ended "^0.1.4"
    lodash.at "^4.6.0"
    lodash.has "^4.5.2"
    node-fetch "^2.6.0"
    protobufjs "^6.9.0"
    retry-request "^4.0.0"
    semver "^6.0.0"
    walkdir "^0.4.0"

google-p12-pem@^3.0.0:
  version "3.0.2"
  resolved "https://registry.yarnpkg.com/google-p12-pem/-/google-p12-pem-3.0.2.tgz#12d443994b6f4cd8c9e4ac479f2f18d4694cbdb8"
  integrity sha512-tbjzndQvSIHGBLzHnhDs3cL4RBjLbLXc2pYvGH+imGVu5b4RMAttUTdnmW2UH0t11QeBTXZ7wlXPS7hrypO/tg==
  dependencies:
    node-forge "^0.9.0"

gtoken@^5.0.0:
  version "5.0.3"
  resolved "https://registry.yarnpkg.com/gtoken/-/gtoken-5.0.3.tgz#b76ef8e9a2fed6fef165e47f7d05b60c498e4d05"
  integrity sha512-Nyd1wZCMRc2dj/mAD0LlfQLcAO06uKdpKJXvK85SGrF5+5+Bpfil9u/2aw35ltvEHjvl0h5FMKN5knEU+9JrOg==
  dependencies:
    gaxios "^3.0.0"
    google-p12-pem "^3.0.0"
    jws "^4.0.0"
    mime "^2.2.0"

https-proxy-agent@^5.0.0:
  version "5.0.0"
  resolved "https://registry.yarnpkg.com/https-proxy-agent/-/https-proxy-agent-5.0.0.tgz#e2a90542abb68a762e0a0850f6c9edadfd8506b2"
  integrity sha512-EkYm5BcKUGiduxzSt3Eppko+PiNWNEpa4ySk9vTC6wDsQJW9rHSa+UhGNJoRYp7bz6Ht1eaRIa6QaJqO5rCFbA==
  dependencies:
    agent-base "6"
    debug "4"

inherits@^2.0.1, inherits@~2.0.3:
  version "2.0.3"
  resolved "https://registry.yarnpkg.com/inherits/-/inherits-2.0.3.tgz#633c2c83e3da42a502f52466022480f4208261de"

is-fullwidth-code-point@^3.0.0:
  version "3.0.0"
  resolved "https://registry.yarnpkg.com/is-fullwidth-code-point/-/is-fullwidth-code-point-3.0.0.tgz#f116f8064fe90b3f7844a38997c0b75051269f1d"
  integrity sha512-zymm5+u+sCsSWyD9qNaejV3DFvhCKclKdizYaJUuHA83RLjb7nSuGnddCHGv0hk+KY7BMAlsWeK4Ueg6EV6XQg==

is-stream-ended@^0.1.4:
  version "0.1.4"
  resolved "https://registry.yarnpkg.com/is-stream-ended/-/is-stream-ended-0.1.4.tgz#f50224e95e06bce0e356d440a4827cd35b267eda"

is-stream@^2.0.0:
  version "2.0.0"
  resolved "https://registry.yarnpkg.com/is-stream/-/is-stream-2.0.0.tgz#bde9c32680d6fae04129d6ac9d921ce7815f78e3"
  integrity sha512-XCoy+WlUr7d1+Z8GgSuXmpuUFC9fOhRXglJMx+dwLKTkL44Cjd4W1Z5P+BQZpr+cR93aGP4S/s7Ftw6Nd/kiEw==

isarray@~1.0.0:
  version "1.0.0"
  resolved "https://registry.yarnpkg.com/isarray/-/isarray-1.0.0.tgz#bb935d48582cba168c06834957a54a3e07124f11"

iserror@^0.0.2:
  version "0.0.2"
  resolved "https://registry.yarnpkg.com/iserror/-/iserror-0.0.2.tgz#bd53451fe2f668b9f2402c1966787aaa2c7c0bf5"
  integrity sha1-vVNFH+L2aLnyQCwZZnh6qix8C/U=

json-bigint@^0.3.0:
  version "0.3.0"
  resolved "https://registry.yarnpkg.com/json-bigint/-/json-bigint-0.3.0.tgz#0ccd912c4b8270d05f056fbd13814b53d3825b1e"
  integrity sha1-DM2RLEuCcNBfBW+9E4FLU9OCWx4=
  dependencies:
    bignumber.js "^7.0.0"

json-bigint@^1.0.0:
  version "1.0.0"
  resolved "https://registry.yarnpkg.com/json-bigint/-/json-bigint-1.0.0.tgz#ae547823ac0cad8398667f8cd9ef4730f5b01ff1"
  integrity sha512-SiPv/8VpZuWbvLSMtTDU8hEfrZWg/mH/nV/b4o0CYbSxu1UIQPLdwKOCIyLQX+VIPO5vrLX3i8qtqFyhdPSUSQ==
  dependencies:
    bignumber.js "^9.0.0"

jwa@^2.0.0:
  version "2.0.0"
  resolved "https://registry.yarnpkg.com/jwa/-/jwa-2.0.0.tgz#a7e9c3f29dae94027ebcaf49975c9345593410fc"
  integrity sha512-jrZ2Qx916EA+fq9cEAeCROWPTfCwi1IVHqT2tapuqLEVVDKFDENFw1oL+MwrTvH6msKxsd1YTDVw6uKEcsrLEA==
  dependencies:
    buffer-equal-constant-time "1.0.1"
    ecdsa-sig-formatter "1.0.11"
    safe-buffer "^5.0.1"

jws@^4.0.0:
  version "4.0.0"
  resolved "https://registry.yarnpkg.com/jws/-/jws-4.0.0.tgz#2d4e8cf6a318ffaa12615e9dec7e86e6c97310f4"
  integrity sha512-KDncfTmOZoOMTFG4mBlG0qUIOlc03fmzH+ru6RgYVZhPkyiy/92Owlt/8UEN+a4TXR1FQetfIpJE8ApdvdVxTg==
  dependencies:
    jwa "^2.0.0"
    safe-buffer "^5.0.1"

locate-path@^5.0.0:
  version "5.0.0"
  resolved "https://registry.yarnpkg.com/locate-path/-/locate-path-5.0.0.tgz#1afba396afd676a6d42504d0a67a3a7eb9f62aa0"
  integrity sha512-t7hw9pI+WvuwNJXwk5zVHpyhIqzg2qTlklJOf0mVxGSbe3Fp2VieZcduNYjaLDoy6p9uGpQEGWG87WpMKlNq8g==
  dependencies:
    p-locate "^4.1.0"

lodash.at@^4.6.0:
  version "4.6.0"
  resolved "https://registry.yarnpkg.com/lodash.at/-/lodash.at-4.6.0.tgz#93cdce664f0a1994ea33dd7cd40e23afd11b0ff8"

lodash.camelcase@^4.3.0:
  version "4.3.0"
  resolved "https://registry.yarnpkg.com/lodash.camelcase/-/lodash.camelcase-4.3.0.tgz#b28aa6288a2b9fc651035c7711f65ab6190331a6"
  integrity sha1-soqmKIorn8ZRA1x3EfZathkDMaY=

lodash.has@^4.5.2:
  version "4.5.2"
  resolved "https://registry.yarnpkg.com/lodash.has/-/lodash.has-4.5.2.tgz#d19f4dc1095058cccbe2b0cdf4ee0fe4aa37c862"

lodash.snakecase@^4.1.1:
  version "4.1.1"
  resolved "https://registry.yarnpkg.com/lodash.snakecase/-/lodash.snakecase-4.1.1.tgz#39d714a35357147837aefd64b5dcbb16becd8f8d"

long@^4.0.0:
  version "4.0.0"
  resolved "https://registry.yarnpkg.com/long/-/long-4.0.0.tgz#9a7b71cfb7d361a194ea555241c92f7468d5bf28"

lru-cache@^6.0.0:
  version "6.0.0"
  resolved "https://registry.yarnpkg.com/lru-cache/-/lru-cache-6.0.0.tgz#6d6fe6570ebd96aaf90fcad1dafa3b2566db3a94"
  integrity sha512-Jo6dJ04CmSjuznwJSS3pUeWmd/H0ffTlkXXgwZi+eq1UCmqQwCh+eLsYOYCwY991i2Fah4h1BEMCx4qThGbsiA==
  dependencies:
    yallist "^4.0.0"

mime@^2.2.0:
  version "2.3.1"
  resolved "https://registry.yarnpkg.com/mime/-/mime-2.3.1.tgz#b1621c54d63b97c47d3cfe7f7215f7d64517c369"

mongodb@^3.3.2:
  version "3.3.2"
  resolved "https://registry.yarnpkg.com/mongodb/-/mongodb-3.3.2.tgz#ff086b5f552cf07e24ce098694210f3d42d668b2"
  integrity sha512-fqJt3iywelk4yKu/lfwQg163Bjpo5zDKhXiohycvon4iQHbrfflSAz9AIlRE6496Pm/dQKQK5bMigdVo2s6gBg==
  dependencies:
    bson "^1.1.1"
    require_optional "^1.0.1"
    safe-buffer "^5.1.2"

ms@^2.1.1:
  version "2.1.2"
  resolved "https://registry.yarnpkg.com/ms/-/ms-2.1.2.tgz#d09d1f357b443f493382a8eb3ccd183872ae6009"
  integrity sha512-sGkPx+VjMtmA6MX27oA4FBFELFCZZ4S4XqeGOXCv68tT+jb3vk/RyaKWP0PTKyWtmLSM0b+adUTEvbs1PEaH2w==

node-fetch@^2.3.0:
  version "2.3.0"
  resolved "https://registry.yarnpkg.com/node-fetch/-/node-fetch-2.3.0.tgz#1a1d940bbfb916a1d3e0219f037e89e71f8c5fa5"
  integrity sha512-MOd8pV3fxENbryESLgVIeaGKrdl+uaYhCSSVkjeOb/31/njTpcis5aWfdqgNlHIrKOLRbMnfPINPOML2CIFeXA==

node-fetch@^2.6.0:
  version "2.6.0"
  resolved "https://registry.yarnpkg.com/node-fetch/-/node-fetch-2.6.0.tgz#e633456386d4aa55863f676a7ab0daa8fdecb0fd"
  integrity sha512-8dG4H5ujfvFiqDmVu9fQ5bOHUC15JMjMY/Zumv26oOvvVJjM67KF8koCWIabKQ1GJIa9r2mMZscBq/TbdOcmNA==

node-forge@^0.9.0:
  version "0.9.1"
  resolved "https://registry.yarnpkg.com/node-forge/-/node-forge-0.9.1.tgz#775368e6846558ab6676858a4d8c6e8d16c677b5"
  integrity sha512-G6RlQt5Sb4GMBzXvhfkeFmbqR6MzhtnT7VTHuLadjkii3rdYHNdw0m8zA4BTxVIh68FicCQ2NSUANpsqkr9jvQ==

once@^1.3.1, once@^1.4.0:
  version "1.4.0"
  resolved "https://registry.yarnpkg.com/once/-/once-1.4.0.tgz#583b1aa775961d4b113ac17d9c50baef9dd76bd1"
  dependencies:
    wrappy "1"

p-defer@^3.0.0:
  version "3.0.0"
  resolved "https://registry.yarnpkg.com/p-defer/-/p-defer-3.0.0.tgz#d1dceb4ee9b2b604b1d94ffec83760175d4e6f83"
  integrity sha512-ugZxsxmtTln604yeYd29EGrNhazN2lywetzpKhfmQjW/VJmhpDmWbiX+h0zL8V91R0UXkhb3KtPmyq9PZw3aYw==

p-limit@^2.2.0:
  version "2.3.0"
  resolved "https://registry.yarnpkg.com/p-limit/-/p-limit-2.3.0.tgz#3dd33c647a214fdfffd835933eb086da0dc21db1"
  integrity sha512-//88mFWSJx8lxCzwdAABTJL2MyWB12+eIY7MDL2SqLmAkeKU9qxRvWuSyTjm3FUmpBEMuFfckAIqEaVGUDxb6w==
  dependencies:
    p-try "^2.0.0"

p-locate@^4.1.0:
  version "4.1.0"
  resolved "https://registry.yarnpkg.com/p-locate/-/p-locate-4.1.0.tgz#a3428bb7088b3a60292f66919278b7c297ad4f07"
  integrity sha512-R79ZZ/0wAxKGu3oYMlz8jy/kbhsNrS7SKZ7PxEHBgJ5+F2mtFW2fK2cOtBh1cHYkQsbzFV7I+EoRKe6Yt0oK7A==
  dependencies:
    p-limit "^2.2.0"

p-try@^2.0.0:
  version "2.2.0"
  resolved "https://registry.yarnpkg.com/p-try/-/p-try-2.2.0.tgz#cb2868540e313d61de58fafbe35ce9004d5540e6"
  integrity sha512-R4nPAVTAU0B9D35/Gk3uJf/7XYbQcyohSKdvAxIRSNghFl4e71hVoGnBNQz9cWaXxO2I10KTC+3jMdvvoKw6dQ==

path-exists@^4.0.0:
  version "4.0.0"
  resolved "https://registry.yarnpkg.com/path-exists/-/path-exists-4.0.0.tgz#513bdbe2d3b95d7762e8c1137efa195c6c61b5b3"
  integrity sha512-ak9Qy5Q7jYb2Wwcey5Fpvg2KoAc/ZIhLSLOSBmRmygPsGwkVVt0fZa0qrtMz+m6tJTAHfZQ8FnmB4MG4LWy7/w==

prettier@^1.18.2:
  version "1.18.2"
  resolved "https://registry.yarnpkg.com/prettier/-/prettier-1.18.2.tgz#6823e7c5900017b4bd3acf46fe9ac4b4d7bda9ea"
  integrity sha512-OeHeMc0JhFE9idD4ZdtNibzY0+TPHSpSSb9h8FqtP+YnoZZ1sl8Vc9b1sasjfymH3SonAF4QcA2+mzHPhMvIiw==

process-nextick-args@~2.0.0:
  version "2.0.0"
  resolved "https://registry.yarnpkg.com/process-nextick-args/-/process-nextick-args-2.0.0.tgz#a37d732f4271b4ab1ad070d35508e8290788ffaa"

protobufjs@^6.8.6:
  version "6.8.8"
  resolved "https://registry.yarnpkg.com/protobufjs/-/protobufjs-6.8.8.tgz#c8b4f1282fd7a90e6f5b109ed11c84af82908e7c"
  dependencies:
    "@protobufjs/aspromise" "^1.1.2"
    "@protobufjs/base64" "^1.1.2"
    "@protobufjs/codegen" "^2.0.4"
    "@protobufjs/eventemitter" "^1.1.0"
    "@protobufjs/fetch" "^1.1.0"
    "@protobufjs/float" "^1.0.2"
    "@protobufjs/inquire" "^1.1.0"
    "@protobufjs/path" "^1.1.2"
    "@protobufjs/pool" "^1.1.0"
    "@protobufjs/utf8" "^1.1.0"
    "@types/long" "^4.0.0"
    "@types/node" "^10.1.0"
    long "^4.0.0"

protobufjs@^6.9.0:
  version "6.10.1"
  resolved "https://registry.yarnpkg.com/protobufjs/-/protobufjs-6.10.1.tgz#e6a484dd8f04b29629e9053344e3970cccf13cd2"
  integrity sha512-pb8kTchL+1Ceg4lFd5XUpK8PdWacbvV5SK2ULH2ebrYtl4GjJmS24m6CKME67jzV53tbJxHlnNOSqQHbTsR9JQ==
  dependencies:
    "@protobufjs/aspromise" "^1.1.2"
    "@protobufjs/base64" "^1.1.2"
    "@protobufjs/codegen" "^2.0.4"
    "@protobufjs/eventemitter" "^1.1.0"
    "@protobufjs/fetch" "^1.1.0"
    "@protobufjs/float" "^1.0.2"
    "@protobufjs/inquire" "^1.1.0"
    "@protobufjs/path" "^1.1.2"
    "@protobufjs/pool" "^1.1.0"
    "@protobufjs/utf8" "^1.1.0"
    "@types/long" "^4.0.1"
    "@types/node" "^13.7.0"
    long "^4.0.0"

pump@^3.0.0:
  version "3.0.0"
  resolved "https://registry.yarnpkg.com/pump/-/pump-3.0.0.tgz#b4a2116815bde2f4e1ea602354e8c75565107a64"
  integrity sha512-LwZy+p3SFs1Pytd/jYct4wpv49HiYCqd9Rlc5ZVdk0V+8Yzv6jR5Blk3TRmPL1ft69TxP0IMZGJ+WPFU2BFhww==
  dependencies:
    end-of-stream "^1.1.0"
    once "^1.3.1"

readable-stream@^2.0.0, readable-stream@^2.1.5:
  version "2.3.6"
  resolved "https://registry.yarnpkg.com/readable-stream/-/readable-stream-2.3.6.tgz#b11c27d88b8ff1fbe070643cf94b0c79ae1b0aaf"
  dependencies:
    core-util-is "~1.0.0"
    inherits "~2.0.3"
    isarray "~1.0.0"
    process-nextick-args "~2.0.0"
    safe-buffer "~5.1.1"
    string_decoder "~1.1.1"
    util-deprecate "~1.0.1"

require-directory@^2.1.1:
  version "2.1.1"
  resolved "https://registry.yarnpkg.com/require-directory/-/require-directory-2.1.1.tgz#8c64ad5fd30dab1c976e2344ffe7f792a6a6df42"
  integrity sha1-jGStX9MNqxyXbiNE/+f3kqam30I=

require-main-filename@^2.0.0:
  version "2.0.0"
  resolved "https://registry.yarnpkg.com/require-main-filename/-/require-main-filename-2.0.0.tgz#d0b329ecc7cc0f61649f62215be69af54aa8989b"
  integrity sha512-NKN5kMDylKuldxYLSUfrbo5Tuzh4hd+2E8NPPX02mZtn1VuREQToYe/ZdlJy+J3uCpfaiGF05e7B8W0iXbQHmg==

require_optional@^1.0.1:
  version "1.0.1"
  resolved "https://registry.yarnpkg.com/require_optional/-/require_optional-1.0.1.tgz#4cf35a4247f64ca3df8c2ef208cc494b1ca8fc2e"
  integrity sha512-qhM/y57enGWHAe3v/NcwML6a3/vfESLe/sGM2dII+gEO0BpKRUkWZow/tyloNqJyN6kXSl3RyyM8Ll5D/sJP8g==
  dependencies:
    resolve-from "^2.0.0"
    semver "^5.1.0"

resolve-from@^2.0.0:
  version "2.0.0"
  resolved "https://registry.yarnpkg.com/resolve-from/-/resolve-from-2.0.0.tgz#9480ab20e94ffa1d9e80a804c7ea147611966b57"
  integrity sha1-lICrIOlP+h2egKgEx+oUdhGWa1c=

retry-request@^4.0.0:
  version "4.0.0"
  resolved "https://registry.yarnpkg.com/retry-request/-/retry-request-4.0.0.tgz#5c366166279b3e10e9d7aa13274467a05cb69290"
  dependencies:
    through2 "^2.0.0"

safe-buffer@^5.0.1, safe-buffer@^5.1.2, safe-buffer@~5.1.0, safe-buffer@~5.1.1:
  version "5.1.2"
  resolved "https://registry.yarnpkg.com/safe-buffer/-/safe-buffer-5.1.2.tgz#991ec69d296e0313747d59bdfd2b745c35f8828d"

semver@^5.1.0:
  version "5.7.0"
  resolved "https://registry.yarnpkg.com/semver/-/semver-5.7.0.tgz#790a7cf6fea5459bac96110b29b60412dc8ff96b"
  integrity sha512-Ya52jSX2u7QKghxeoFGpLwCtGlt7j0oY9DYb5apt9nPlJ42ID+ulTXESnt/qAQcoSERyZ5sl3LDIOw0nAn/5DA==

semver@^6.0.0:
  version "6.0.0"
  resolved "https://registry.yarnpkg.com/semver/-/semver-6.0.0.tgz#05e359ee571e5ad7ed641a6eec1e547ba52dea65"
  integrity sha512-0UewU+9rFapKFnlbirLi3byoOuhrSsli/z/ihNnvM24vgF+8sNBiI1LZPBSH9wJKUwaUbw+s3hToDLCXkrghrQ==

semver@^6.2.0:
  version "6.3.0"
  resolved "https://registry.yarnpkg.com/semver/-/semver-6.3.0.tgz#ee0a64c8af5e8ceea67687b133761e1becbd1d3d"
  integrity sha512-b39TBaTSfV6yBrapU89p5fKekE2m/NwnDocOVruQFS1/veMgdzuPcnOM34M6CwxW8jH/lxEa5rBoDeUwu5HHTw==

semver@^7.1.3:
  version "7.3.2"
  resolved "https://registry.yarnpkg.com/semver/-/semver-7.3.2.tgz#604962b052b81ed0786aae84389ffba70ffd3938"
  integrity sha512-OrOb32TeeambH6UrhtShmF7CRDqhL6/5XpPNp2DuRH6+9QLw/orhp72j87v8Qa1ScDkvrrBNpZcDejAirJmfXQ==

set-blocking@^2.0.0:
  version "2.0.0"
  resolved "https://registry.yarnpkg.com/set-blocking/-/set-blocking-2.0.0.tgz#045f9782d011ae9a6803ddd382b24392b3d890f7"
  integrity sha1-BF+XgtARrppoA93TgrJDkrPYkPc=

stack-generator@^2.0.3:
  version "2.0.3"
  resolved "https://registry.yarnpkg.com/stack-generator/-/stack-generator-2.0.3.tgz#bb74385c67ffc4ccf3c4dee5831832d4e509c8a0"
  integrity sha512-kdzGoqrnqsMxOEuXsXyQTmvWXZmG0f3Ql2GDx5NtmZs59sT2Bt9Vdyq0XdtxUi58q/+nxtbF9KOQ9HkV1QznGg==
  dependencies:
    stackframe "^1.0.4"

stackframe@^1.0.4:
  version "1.0.4"
  resolved "https://registry.yarnpkg.com/stackframe/-/stackframe-1.0.4.tgz#357b24a992f9427cba6b545d96a14ed2cbca187b"
  integrity sha512-to7oADIniaYwS3MhtCa/sQhrxidCCQiF/qp4/m5iN3ipf0Y7Xlri0f6eG29r08aL7JYl8n32AF3Q5GYBZ7K8vw==

stream-shift@^1.0.0:
  version "1.0.0"
  resolved "https://registry.yarnpkg.com/stream-shift/-/stream-shift-1.0.0.tgz#d5c752825e5367e786f78e18e445ea223a155952"

string-width@^4.1.0, string-width@^4.2.0:
  version "4.2.0"
  resolved "https://registry.yarnpkg.com/string-width/-/string-width-4.2.0.tgz#952182c46cc7b2c313d1596e623992bd163b72b5"
  integrity sha512-zUz5JD+tgqtuDjMhwIg5uFVV3dtqZ9yQJlZVfq4I01/K5Paj5UHj7VyrQOJvzawSVlKpObApbfD0Ed6yJc+1eg==
  dependencies:
    emoji-regex "^8.0.0"
    is-fullwidth-code-point "^3.0.0"
    strip-ansi "^6.0.0"

string_decoder@~1.1.1:
  version "1.1.1"
  resolved "https://registry.yarnpkg.com/string_decoder/-/string_decoder-1.1.1.tgz#9cf1611ba62685d7030ae9e4ba34149c3af03fc8"
  dependencies:
    safe-buffer "~5.1.0"

strip-ansi@^6.0.0:
  version "6.0.0"
  resolved "https://registry.yarnpkg.com/strip-ansi/-/strip-ansi-6.0.0.tgz#0b1571dd7669ccd4f3e06e14ef1eed26225ae532"
  integrity sha512-AuvKTrTfQNYNIctbR1K/YGTR1756GycPsg7b9bdV9Duqur4gv6aKqHXah67Z8ImS7WEz5QVcOtlfW2rZEugt6w==
  dependencies:
    ansi-regex "^5.0.0"

through2@^2.0.0:
  version "2.0.3"
  resolved "https://registry.yarnpkg.com/through2/-/through2-2.0.3.tgz#0004569b37c7c74ba39c43f3ced78d1ad94140be"
  dependencies:
    readable-stream "^2.1.5"
    xtend "~4.0.1"

util-deprecate@~1.0.1:
  version "1.0.2"
  resolved "https://registry.yarnpkg.com/util-deprecate/-/util-deprecate-1.0.2.tgz#450d4dc9fa70de732762fbd2d4a28981419a0ccf"

uuid@^3.3.3:
  version "3.3.3"
  resolved "https://registry.yarnpkg.com/uuid/-/uuid-3.3.3.tgz#4568f0216e78760ee1dbf3a4d2cf53e224112866"
  integrity sha512-pW0No1RGHgzlpHJO1nsVrHKpOEIxkGg1xB+v0ZmdNH5OAeAwzAVrCnI2/6Mtx+Uys6iaylxa+D3g4j63IKKjSQ==

walkdir@^0.4.0:
  version "0.4.0"
  resolved "https://registry.yarnpkg.com/walkdir/-/walkdir-0.4.0.tgz#6b5a23e4416d27e713eaffc769f88944db0b95e5"
  integrity sha512-Ps0LSr9doEPbF4kEQi6sk5RgzIGLz9+OroGj1y2osIVnufjNQWSLEGIbZwW5V+j/jK8lCj/+8HSWs+6Q/rnViA==

which-module@^2.0.0:
  version "2.0.0"
  resolved "https://registry.yarnpkg.com/which-module/-/which-module-2.0.0.tgz#d9ef07dce77b9902b8a3a8fa4b31c3e3f7e6e87a"
  integrity sha1-2e8H3Od7mQK4o6j6SzHD4/fm6Ho=

wrap-ansi@^6.2.0:
  version "6.2.0"
  resolved "https://registry.yarnpkg.com/wrap-ansi/-/wrap-ansi-6.2.0.tgz#e9393ba07102e6c91a3b221478f0257cd2856e53"
  integrity sha512-r6lPcBGxZXlIcymEu7InxDMhdW0KDxpLgoFLcguasxCaJ/SOIZwINatK9KY/tf+ZrlywOKU0UDj3ATXUBfxJXA==
  dependencies:
    ansi-styles "^4.0.0"
    string-width "^4.1.0"
    strip-ansi "^6.0.0"

wrappy@1:
  version "1.0.2"
  resolved "https://registry.yarnpkg.com/wrappy/-/wrappy-1.0.2.tgz#b5243d8f3ec1aa35f1364605bc0d1036e30ab69f"

xtend@~4.0.1:
  version "4.0.1"
  resolved "https://registry.yarnpkg.com/xtend/-/xtend-4.0.1.tgz#a5c6d532be656e23db820efb943a1f04998d63af"

y18n@^4.0.0:
  version "4.0.0"
  resolved "https://registry.yarnpkg.com/y18n/-/y18n-4.0.0.tgz#95ef94f85ecc81d007c264e190a120f0a3c8566b"
  integrity sha512-r9S/ZyXu/Xu9q1tYlpsLIsa3EeLXXk0VwlxqTcFRfg9EhMW+17kbt9G0NrgCmhGb5vT2hyhJZLfDGx+7+5Uj/w==

yallist@^4.0.0:
  version "4.0.0"
  resolved "https://registry.yarnpkg.com/yallist/-/yallist-4.0.0.tgz#9bb92790d9c0effec63be73519e11a35019a3a72"
  integrity sha512-3wdGidZyq5PB084XLES5TpOSRA3wjXAlIWMhum2kRcv/41Sn2emQ0dycQW4uZXLejwKvg6EsvbdlVL+FYEct7A==

yargs-parser@^18.1.2:
  version "18.1.3"
  resolved "https://registry.yarnpkg.com/yargs-parser/-/yargs-parser-18.1.3.tgz#be68c4975c6b2abf469236b0c870362fab09a7b0"
  integrity sha512-o50j0JeToy/4K6OZcaQmW6lyXXKhq7csREXcDwk2omFPJEwUNOVtJKvmDr9EI1fAJZUyZcRF7kxGBWmRXudrCQ==
  dependencies:
    camelcase "^5.0.0"
    decamelize "^1.2.0"

yargs@^15.3.1:
  version "15.4.1"
  resolved "https://registry.yarnpkg.com/yargs/-/yargs-15.4.1.tgz#0d87a16de01aee9d8bec2bfbf74f67851730f4f8"
  integrity sha512-aePbxDmcYW++PaqBsJ+HYUFwCdv4LVvdnhBy78E57PIor8/OVvhMrADFFEDh8DHDFRv/O9i3lPhsENjO7QX0+A==
  dependencies:
    cliui "^6.0.0"
    decamelize "^1.2.0"
    find-up "^4.1.0"
    get-caller-file "^2.0.1"
    require-directory "^2.1.1"
    require-main-filename "^2.0.0"
    set-blocking "^2.0.0"
    string-width "^4.2.0"
    which-module "^2.0.0"
    y18n "^4.0.0"
    yargs-parser "^18.1.2"
